{
  "object": {
    "pins": [
      {
        "package": "FileCheck",
        "repositoryURL": "https://github.com/trill-lang/FileCheck.git",
        "state": {
          "branch": null,
          "revision": "083073480112406580f0242036a079f9f8b170ad",
          "version": "0.0.4"
        }
      },
      {
        "package": "Nimble",
        "repositoryURL": "https://github.com/Quick/Nimble.git",
        "state": {
          "branch": null,
          "revision": "38c9ab0846a3fbec308eb2aa9ef68b10a7434eb4",
          "version": "7.0.2"
        }
      },
      {
        "package": "Quick",
        "repositoryURL": "https://github.com/Quick/Quick.git",
        "state": {
          "branch": null,
          "revision": "0ff81f2c665b4381f526bd656f8708dd52a9ea2f",
          "version": "1.2.0"
        }
      },
      {
        "package": "SwiftCheck",
        "repositoryURL": "https://github.com/typelift/SwiftCheck.git",
        "state": {
          "branch": null,
          "revision": "df82fb889864945c64458f38846702af729b3ee4",
          "version": "0.9.1"
        }
      }
    ]
  },
  "version": 1
}
