{
  "object": {
    "pins": [
      {
        "package": "FileCheck",
        "repositoryURL": "https://github.com/trill-lang/FileCheck.git",
        "state": {
          "branch": null,
          "revision": "e5871587ddf85c0bcf84f773925655f2f83ef336",
          "version": "0.0.7"
        }
      },
      {
        "package": "Nimble",
        "repositoryURL": "https://github.com/Quick/Nimble.git",
        "state": {
          "branch": null,
          "revision": "21f4fed2052cea480f5f1d2044d45aa25fdfb988",
          "version": "7.1.1"
        }
      },
      {
        "package": "Quick",
        "repositoryURL": "https://github.com/Quick/Quick.git",
        "state": {
          "branch": null,
          "revision": "3e3023569c8d4c4a0d000f58db765df53041117f",
          "version": "1.3.0"
        }
      },
      {
        "package": "SwiftCheck",
        "repositoryURL": "https://github.com/typelift/SwiftCheck.git",
        "state": {
          "branch": null,
          "revision": "43ffe7ab48366c36a697c54bcdd257876edd6fc6",
          "version": "0.10.0"
        }
      }
    ]
  },
  "version": 1
}
