// !$*UTF8*$!
{
	archiveVersion = 1;
	classes = {
	};
	objectVersion = 46;
	objects = {

/* Begin PBXBuildFile section */
		3AD546161F17A2EB0000CCCA /* It.swift in Sources */ = {isa = PBXBuildFile; fileRef = 3AD546151F17A2EB0000CCCA /* It.swift */; };
		3AD5461B1F17AD050000CCCA /* To.swift in Sources */ = {isa = PBXBuildFile; fileRef = 3AD5461A1F17AD050000CCCA /* To.swift */; };
		3AD5461D1F17ADE40000CCCA /* Extensions.swift in Sources */ = {isa = PBXBuildFile; fileRef = 3AD5461C1F17ADE40000CCCA /* Extensions.swift */; };
		3AEBA5111F1921A8007674FB /* It.swift in Sources */ = {isa = PBXBuildFile; fileRef = 3AD546151F17A2EB0000CCCA /* It.swift */; };
		3AEBA5121F1921A8007674FB /* To.swift in Sources */ = {isa = PBXBuildFile; fileRef = 3AD5461A1F17AD050000CCCA /* To.swift */; };
		3AEBA5131F1921A8007674FB /* Extensions.swift in Sources */ = {isa = PBXBuildFile; fileRef = 3AD5461C1F17ADE40000CCCA /* Extensions.swift */; };
		3AEBA5141F1921A8007674FB /* It.swift in Sources */ = {isa = PBXBuildFile; fileRef = 3AD546151F17A2EB0000CCCA /* It.swift */; };
		3AEBA5151F1921A8007674FB /* To.swift in Sources */ = {isa = PBXBuildFile; fileRef = 3AD5461A1F17AD050000CCCA /* To.swift */; };
		3AEBA5161F1921A8007674FB /* Extensions.swift in Sources */ = {isa = PBXBuildFile; fileRef = 3AD5461C1F17ADE40000CCCA /* Extensions.swift */; };
/* End PBXBuildFile section */

/* Begin PBXFileReference section */
		3A5222321F13E02A005D985A /* QuickSwiftCheck.framework */ = {isa = PBXFileReference; explicitFileType = wrapper.framework; includeInIndex = 0; path = QuickSwiftCheck.framework; sourceTree = BUILT_PRODUCTS_DIR; };
		3ACB93721F13E561009E1C2A /* Framework-Info.plist */ = {isa = PBXFileReference; lastKnownFileType = text.plist.xml; path = "Framework-Info.plist"; sourceTree = "<group>"; };
		3AD5460F1F17A0D50000CCCA /* Common-Base.xcconfig */ = {isa = PBXFileReference; lastKnownFileType = text.xcconfig; path = "Common-Base.xcconfig"; sourceTree = "<group>"; };
		3AD546101F17A0D50000CCCA /* Common-Debug.xcconfig */ = {isa = PBXFileReference; lastKnownFileType = text.xcconfig; path = "Common-Debug.xcconfig"; sourceTree = "<group>"; };
		3AD546111F17A0D50000CCCA /* Common-Release.xcconfig */ = {isa = PBXFileReference; lastKnownFileType = text.xcconfig; path = "Common-Release.xcconfig"; sourceTree = "<group>"; };
		3AD546131F17A0D50000CCCA /* Framework-iOS.xcconfig */ = {isa = PBXFileReference; lastKnownFileType = text.xcconfig; path = "Framework-iOS.xcconfig"; sourceTree = "<group>"; };
		3AD546141F17A0F10000CCCA /* Framework-Base.xcconfig */ = {isa = PBXFileReference; lastKnownFileType = text.xcconfig; path = "Framework-Base.xcconfig"; sourceTree = "<group>"; };
		3AD546151F17A2EB0000CCCA /* It.swift */ = {isa = PBXFileReference; fileEncoding = 4; lastKnownFileType = sourcecode.swift; path = It.swift; sourceTree = "<group>"; };
		3AD5461A1F17AD050000CCCA /* To.swift */ = {isa = PBXFileReference; fileEncoding = 4; lastKnownFileType = sourcecode.swift; path = To.swift; sourceTree = "<group>"; };
		3AD5461C1F17ADE40000CCCA /* Extensions.swift */ = {isa = PBXFileReference; fileEncoding = 4; lastKnownFileType = sourcecode.swift; path = Extensions.swift; sourceTree = "<group>"; };
		3AEBA4F41F191F99007674FB /* Cartfile */ = {isa = PBXFileReference; lastKnownFileType = text; path = Cartfile; sourceTree = "<group>"; };
		3AEBA4F51F191FB7007674FB /* Cartfile.private */ = {isa = PBXFileReference; fileEncoding = 4; lastKnownFileType = text; path = Cartfile.private; sourceTree = "<group>"; };
		3AEBA4FC1F19217C007674FB /* QuickSwiftCheck.framework */ = {isa = PBXFileReference; explicitFileType = wrapper.framework; includeInIndex = 0; path = QuickSwiftCheck.framework; sourceTree = BUILT_PRODUCTS_DIR; };
		3AEBA5091F19219D007674FB /* QuickSwiftCheck.framework */ = {isa = PBXFileReference; explicitFileType = wrapper.framework; includeInIndex = 0; path = QuickSwiftCheck.framework; sourceTree = BUILT_PRODUCTS_DIR; };
		3AEBA5171F1921B6007674FB /* Framework-macOS.xcconfig */ = {isa = PBXFileReference; lastKnownFileType = text.xcconfig; path = "Framework-macOS.xcconfig"; sourceTree = "<group>"; };
		3AEBA5181F1921C0007674FB /* Framework-tvOS.xcconfig */ = {isa = PBXFileReference; lastKnownFileType = text.xcconfig; path = "Framework-tvOS.xcconfig"; sourceTree = "<group>"; };
/* End PBXFileReference section */

/* Begin PBXFrameworksBuildPhase section */
		3A52222E1F13E02A005D985A /* Frameworks */ = {
			isa = PBXFrameworksBuildPhase;
			buildActionMask = 2147483647;
			files = (
			);
			runOnlyForDeploymentPostprocessing = 0;
		};
		3AEBA4F81F19217C007674FB /* Frameworks */ = {
			isa = PBXFrameworksBuildPhase;
			buildActionMask = 2147483647;
			files = (
			);
			runOnlyForDeploymentPostprocessing = 0;
		};
		3AEBA5051F19219D007674FB /* Frameworks */ = {
			isa = PBXFrameworksBuildPhase;
			buildActionMask = 2147483647;
			files = (
			);
			runOnlyForDeploymentPostprocessing = 0;
		};
/* End PBXFrameworksBuildPhase section */

/* Begin PBXGroup section */
		3A5222281F13E02A005D985A = {
			isa = PBXGroup;
			children = (
				3ACB936F1F13E51D009E1C2A /* Sources */,
				3ACB93701F13E525009E1C2A /* Resources */,
				3ACB93711F13E533009E1C2A /* Configurations */,
				3AEBA4F31F191F8A007674FB /* Other Files */,
				3A5222331F13E02A005D985A /* Products */,
			);
			sourceTree = "<group>";
			usesTabs = 0;
		};
		3A5222331F13E02A005D985A /* Products */ = {
			isa = PBXGroup;
			children = (
				3A5222321F13E02A005D985A /* QuickSwiftCheck.framework */,
				3AEBA4FC1F19217C007674FB /* QuickSwiftCheck.framework */,
				3AEBA5091F19219D007674FB /* QuickSwiftCheck.framework */,
			);
			name = Products;
			sourceTree = "<group>";
		};
		3ACB936F1F13E51D009E1C2A /* Sources */ = {
			isa = PBXGroup;
			children = (
				3AD546151F17A2EB0000CCCA /* It.swift */,
				3AD5461A1F17AD050000CCCA /* To.swift */,
				3AD5461C1F17ADE40000CCCA /* Extensions.swift */,
			);
			name = Sources;
			path = QuickSwiftCheck/Sources;
			sourceTree = "<group>";
		};
		3ACB93701F13E525009E1C2A /* Resources */ = {
			isa = PBXGroup;
			children = (
				3ACB93721F13E561009E1C2A /* Framework-Info.plist */,
			);
			name = Resources;
			path = QuickSwiftCheck/Resources;
			sourceTree = "<group>";
		};
		3ACB93711F13E533009E1C2A /* Configurations */ = {
			isa = PBXGroup;
			children = (
				3AD5460E1F17A0D50000CCCA /* Common */,
				3AD546121F17A0D50000CCCA /* Framework */,
			);
			name = Configurations;
			path = QuickSwiftCheck/Configurations;
			sourceTree = "<group>";
		};
		3AD5460E1F17A0D50000CCCA /* Common */ = {
			isa = PBXGroup;
			children = (
				3AD5460F1F17A0D50000CCCA /* Common-Base.xcconfig */,
				3AD546101F17A0D50000CCCA /* Common-Debug.xcconfig */,
				3AD546111F17A0D50000CCCA /* Common-Release.xcconfig */,
			);
			path = Common;
			sourceTree = "<group>";
		};
		3AD546121F17A0D50000CCCA /* Framework */ = {
			isa = PBXGroup;
			children = (
				3AD546141F17A0F10000CCCA /* Framework-Base.xcconfig */,
				3AEBA5171F1921B6007674FB /* Framework-macOS.xcconfig */,
				3AD546131F17A0D50000CCCA /* Framework-iOS.xcconfig */,
				3AEBA5181F1921C0007674FB /* Framework-tvOS.xcconfig */,
			);
			path = Framework;
			sourceTree = "<group>";
		};
		3AEBA4F31F191F8A007674FB /* Other Files */ = {
			isa = PBXGroup;
			children = (
				3AEBA4F41F191F99007674FB /* Cartfile */,
				3AEBA4F51F191FB7007674FB /* Cartfile.private */,
			);
			name = "Other Files";
			sourceTree = "<group>";
		};
/* End PBXGroup section */

/* Begin PBXNativeTarget section */
		3A5222311F13E02A005D985A /* QuickSwiftCheck (iOS) */ = {
			isa = PBXNativeTarget;
			buildConfigurationList = 3A5222461F13E02A005D985A /* Build configuration list for PBXNativeTarget "QuickSwiftCheck (iOS)" */;
			buildPhases = (
				3A52222D1F13E02A005D985A /* Sources */,
				3A52222E1F13E02A005D985A /* Frameworks */,
			);
			buildRules = (
			);
			dependencies = (
			);
			name = "QuickSwiftCheck (iOS)";
			productName = QuickSwiftCheck;
			productReference = 3A5222321F13E02A005D985A /* QuickSwiftCheck.framework */;
			productType = "com.apple.product-type.framework";
		};
		3AEBA4FB1F19217C007674FB /* QuickSwiftCheck (macOS) */ = {
			isa = PBXNativeTarget;
			buildConfigurationList = 3AEBA5011F19217D007674FB /* Build configuration list for PBXNativeTarget "QuickSwiftCheck (macOS)" */;
			buildPhases = (
				3AEBA4F71F19217C007674FB /* Sources */,
				3AEBA4F81F19217C007674FB /* Frameworks */,
			);
			buildRules = (
			);
			dependencies = (
			);
			name = "QuickSwiftCheck (macOS)";
			productName = "QuickSwiftCheck (macOS)";
			productReference = 3AEBA4FC1F19217C007674FB /* QuickSwiftCheck.framework */;
			productType = "com.apple.product-type.framework";
		};
		3AEBA5081F19219D007674FB /* QuickSwiftCheck (tvOS) */ = {
			isa = PBXNativeTarget;
			buildConfigurationList = 3AEBA50E1F19219D007674FB /* Build configuration list for PBXNativeTarget "QuickSwiftCheck (tvOS)" */;
			buildPhases = (
				3AEBA5041F19219D007674FB /* Sources */,
				3AEBA5051F19219D007674FB /* Frameworks */,
			);
			buildRules = (
			);
			dependencies = (
			);
			name = "QuickSwiftCheck (tvOS)";
			productName = "QuickSwiftCheck (tvOS)";
			productReference = 3AEBA5091F19219D007674FB /* QuickSwiftCheck.framework */;
			productType = "com.apple.product-type.framework";
		};
/* End PBXNativeTarget section */

/* Begin PBXProject section */
		3A5222291F13E02A005D985A /* Project object */ = {
			isa = PBXProject;
			attributes = {
				LastSwiftUpdateCheck = 0830;
				LastUpgradeCheck = 0830;
				ORGANIZATIONNAME = "Adrian Kashivskyy";
				TargetAttributes = {
					3A5222311F13E02A005D985A = {
						CreatedOnToolsVersion = 8.3.3;
						LastSwiftMigration = 0830;
						ProvisioningStyle = Automatic;
					};
					3AEBA4FB1F19217C007674FB = {
						CreatedOnToolsVersion = 8.3.3;
						ProvisioningStyle = Automatic;
					};
					3AEBA5081F19219D007674FB = {
						CreatedOnToolsVersion = 8.3.3;
						ProvisioningStyle = Automatic;
					};
				};
			};
			buildConfigurationList = 3A52222C1F13E02A005D985A /* Build configuration list for PBXProject "QuickSwiftCheck" */;
			compatibilityVersion = "Xcode 3.2";
			developmentRegion = English;
			hasScannedForEncodings = 0;
			knownRegions = (
				en,
			);
			mainGroup = 3A5222281F13E02A005D985A;
			productRefGroup = 3A5222331F13E02A005D985A /* Products */;
			projectDirPath = "";
			projectRoot = "";
			targets = (
				3AEBA4FB1F19217C007674FB /* QuickSwiftCheck (macOS) */,
				3A5222311F13E02A005D985A /* QuickSwiftCheck (iOS) */,
				3AEBA5081F19219D007674FB /* QuickSwiftCheck (tvOS) */,
			);
		};
/* End PBXProject section */

/* Begin PBXSourcesBuildPhase section */
		3A52222D1F13E02A005D985A /* Sources */ = {
			isa = PBXSourcesBuildPhase;
			buildActionMask = 2147483647;
			files = (
				3AD5461B1F17AD050000CCCA /* To.swift in Sources */,
				3AD5461D1F17ADE40000CCCA /* Extensions.swift in Sources */,
				3AD546161F17A2EB0000CCCA /* It.swift in Sources */,
			);
			runOnlyForDeploymentPostprocessing = 0;
		};
		3AEBA4F71F19217C007674FB /* Sources */ = {
			isa = PBXSourcesBuildPhase;
			buildActionMask = 2147483647;
			files = (
				3AEBA5121F1921A8007674FB /* To.swift in Sources */,
				3AEBA5131F1921A8007674FB /* Extensions.swift in Sources */,
				3AEBA5111F1921A8007674FB /* It.swift in Sources */,
			);
			runOnlyForDeploymentPostprocessing = 0;
		};
		3AEBA5041F19219D007674FB /* Sources */ = {
			isa = PBXSourcesBuildPhase;
			buildActionMask = 2147483647;
			files = (
				3AEBA5151F1921A8007674FB /* To.swift in Sources */,
				3AEBA5161F1921A8007674FB /* Extensions.swift in Sources */,
				3AEBA5141F1921A8007674FB /* It.swift in Sources */,
			);
			runOnlyForDeploymentPostprocessing = 0;
		};
/* End PBXSourcesBuildPhase section */

/* Begin XCBuildConfiguration section */
		3A5222441F13E02A005D985A /* Debug */ = {
			isa = XCBuildConfiguration;
			baseConfigurationReference = 3AD546101F17A0D50000CCCA /* Common-Debug.xcconfig */;
			buildSettings = {
			};
			name = Debug;
		};
		3A5222451F13E02A005D985A /* Release */ = {
			isa = XCBuildConfiguration;
			baseConfigurationReference = 3AD546111F17A0D50000CCCA /* Common-Release.xcconfig */;
			buildSettings = {
			};
			name = Release;
		};
		3A5222471F13E02A005D985A /* Debug */ = {
			isa = XCBuildConfiguration;
			baseConfigurationReference = 3AD546131F17A0D50000CCCA /* Framework-iOS.xcconfig */;
			buildSettings = {
			};
			name = Debug;
		};
		3A5222481F13E02A005D985A /* Release */ = {
			isa = XCBuildConfiguration;
			baseConfigurationReference = 3AD546131F17A0D50000CCCA /* Framework-iOS.xcconfig */;
			buildSettings = {
			};
			name = Release;
		};
		3AEBA5021F19217D007674FB /* Debug */ = {
			isa = XCBuildConfiguration;
			baseConfigurationReference = 3AEBA5171F1921B6007674FB /* Framework-macOS.xcconfig */;
			buildSettings = {
			};
			name = Debug;
		};
		3AEBA5031F19217D007674FB /* Release */ = {
			isa = XCBuildConfiguration;
			baseConfigurationReference = 3AEBA5171F1921B6007674FB /* Framework-macOS.xcconfig */;
			buildSettings = {
			};
			name = Release;
		};
		3AEBA50F1F19219D007674FB /* Debug */ = {
			isa = XCBuildConfiguration;
			baseConfigurationReference = 3AEBA5181F1921C0007674FB /* Framework-tvOS.xcconfig */;
			buildSettings = {
			};
			name = Debug;
		};
		3AEBA5101F19219D007674FB /* Release */ = {
			isa = XCBuildConfiguration;
			baseConfigurationReference = 3AEBA5181F1921C0007674FB /* Framework-tvOS.xcconfig */;
			buildSettings = {
			};
			name = Release;
		};
/* End XCBuildConfiguration section */

/* Begin XCConfigurationList section */
		3A52222C1F13E02A005D985A /* Build configuration list for PBXProject "QuickSwiftCheck" */ = {
			isa = XCConfigurationList;
			buildConfigurations = (
				3A5222441F13E02A005D985A /* Debug */,
				3A5222451F13E02A005D985A /* Release */,
			);
			defaultConfigurationIsVisible = 0;
			defaultConfigurationName = Release;
		};
		3A5222461F13E02A005D985A /* Build configuration list for PBXNativeTarget "QuickSwiftCheck (iOS)" */ = {
			isa = XCConfigurationList;
			buildConfigurations = (
				3A5222471F13E02A005D985A /* Debug */,
				3A5222481F13E02A005D985A /* Release */,
			);
			defaultConfigurationIsVisible = 0;
			defaultConfigurationName = Release;
		};
		3AEBA5011F19217D007674FB /* Build configuration list for PBXNativeTarget "QuickSwiftCheck (macOS)" */ = {
			isa = XCConfigurationList;
			buildConfigurations = (
				3AEBA5021F19217D007674FB /* Debug */,
				3AEBA5031F19217D007674FB /* Release */,
			);
			defaultConfigurationIsVisible = 0;
		};
		3AEBA50E1F19219D007674FB /* Build configuration list for PBXNativeTarget "QuickSwiftCheck (tvOS)" */ = {
			isa = XCConfigurationList;
			buildConfigurations = (
				3AEBA50F1F19219D007674FB /* Debug */,
				3AEBA5101F19219D007674FB /* Release */,
			);
			defaultConfigurationIsVisible = 0;
		};
/* End XCConfigurationList section */
	};
	rootObject = 3A5222291F13E02A005D985A /* Project object */;
}
